
Microsoft Visual Studio Solution File, Format Version 12.00
# Visual Studio Version 16
VisualStudioVersion = 16.0.30611.23
MinimumVisualStudioVersion = 10.0.40219.1
Project("{FAE04EC0-301F-11D3-BF4B-00C04F79EFBC}") = "G3.WF", "G3.WF\G3.WF.csproj", "{64F67C02-3E98-4E3B-926B-ED91D800B367}"
EndProject
Project("{FAE04EC0-301F-11D3-BF4B-00C04F79EFBC}") = "G3.CLASS", "G3.CLASS\G3.CLASS.csproj", "{9C145CF5-9DC6-4DEA-98F8-9DD1CFBF2549}"
EndProject
Project("{FAE04EC0-301F-11D3-BF4B-00C04F79EFBC}") = "G3.DATA", "G3.DATA\G3.DATA.csproj", "{6C7D1D1C-0D8C-44A4-9E47-EBE4288890B2}"
EndProject
Project("{FAE04EC0-301F-11D3-BF4B-00C04F79EFBC}") = "G3.WF.PELUQUERO", "G3.WF.PELUQUERO\G3.WF.PELUQUERO.csproj", "{C0F11239-A253-477E-B5C5-21B06B144F7A}"
EndProject
Project("{FAE04EC0-301F-11D3-BF4B-00C04F79EFBC}") = "Estadisticas", "Estadisticas\Estadisticas.csproj", "{F10CFC37-4391-4B1B-BA5F-815F4EB14D7F}"
EndProject
Global
	GlobalSection(SolutionConfigurationPlatforms) = preSolution
		Debug|Any CPU = Debug|Any CPU
		Release|Any CPU = Release|Any CPU
	EndGlobalSection
	GlobalSection(ProjectConfigurationPlatforms) = postSolution
		{64F67C02-3E98-4E3B-926B-ED91D800B367}.Debug|Any CPU.ActiveCfg = Debug|Any CPU
		{64F67C02-3E98-4E3B-926B-ED91D800B367}.Debug|Any CPU.Build.0 = Debug|Any CPU
		{64F67C02-3E98-4E3B-926B-ED91D800B367}.Release|Any CPU.ActiveCfg = Release|Any CPU
		{64F67C02-3E98-4E3B-926B-ED91D800B367}.Release|Any CPU.Build.0 = Release|Any CPU
		{9C145CF5-9DC6-4DEA-98F8-9DD1CFBF2549}.Debug|Any CPU.ActiveCfg = Debug|Any CPU
		{9C145CF5-9DC6-4DEA-98F8-9DD1CFBF2549}.Debug|Any CPU.Build.0 = Debug|Any CPU
		{9C145CF5-9DC6-4DEA-98F8-9DD1CFBF2549}.Release|Any CPU.ActiveCfg = Release|Any CPU
		{9C145CF5-9DC6-4DEA-98F8-9DD1CFBF2549}.Release|Any CPU.Build.0 = Release|Any CPU
		{6C7D1D1C-0D8C-44A4-9E47-EBE4288890B2}.Debug|Any CPU.ActiveCfg = Debug|Any CPU
		{6C7D1D1C-0D8C-44A4-9E47-EBE4288890B2}.Debug|Any CPU.Build.0 = Debug|Any CPU
		{6C7D1D1C-0D8C-44A4-9E47-EBE4288890B2}.Release|Any CPU.ActiveCfg = Release|Any CPU
		{6C7D1D1C-0D8C-44A4-9E47-EBE4288890B2}.Release|Any CPU.Build.0 = Release|Any CPU
		{C0F11239-A253-477E-B5C5-21B06B144F7A}.Debug|Any CPU.ActiveCfg = Debug|Any CPU
		{C0F11239-A253-477E-B5C5-21B06B144F7A}.Debug|Any CPU.Build.0 = Debug|Any CPU
		{C0F11239-A253-477E-B5C5-21B06B144F7A}.Release|Any CPU.ActiveCfg = Release|Any CPU
		{C0F11239-A253-477E-B5C5-21B06B144F7A}.Release|Any CPU.Build.0 = Release|Any CPU
		{F10CFC37-4391-4B1B-BA5F-815F4EB14D7F}.Debug|Any CPU.ActiveCfg = Debug|Any CPU
		{F10CFC37-4391-4B1B-BA5F-815F4EB14D7F}.Debug|Any CPU.Build.0 = Debug|Any CPU
		{F10CFC37-4391-4B1B-BA5F-815F4EB14D7F}.Release|Any CPU.ActiveCfg = Release|Any CPU
		{F10CFC37-4391-4B1B-BA5F-815F4EB14D7F}.Release|Any CPU.Build.0 = Release|Any CPU
	EndGlobalSection
	GlobalSection(SolutionProperties) = preSolution
		HideSolutionNode = FALSE
	EndGlobalSection
	GlobalSection(ExtensibilityGlobals) = postSolution
		SolutionGuid = {DCFBBEC7-5A3C-4C9B-9C38-3CAF9A785186}
	EndGlobalSection
EndGlobal
